
Microsoft Visual Studio Solution File, Format Version 12.00
# Visual Studio Version 16
VisualStudioVersion = 16.0.29911.84
MinimumVisualStudioVersion = 10.0.40219.1
Project("{8BC9CEB8-8B4A-11D0-8D11-00A0C91BC942}") = "ConsolChat", "ConsolChat.vcxproj", "{FEAA6061-3466-468B-86E8-C526DED728E5}"
EndProject
Global
	GlobalSection(SolutionConfigurationPlatforms) = preSolution
		Debug|x64 = Debug|x64
		Debug|x86 = Debug|x86
		Release|x64 = Release|x64
		Release|x86 = Release|x86
	EndGlobalSection
	GlobalSection(ProjectConfigurationPlatforms) = postSolution
		{FEAA6061-3466-468B-86E8-C526DED728E5}.Debug|x64.ActiveCfg = Debug|x64
		{FEAA6061-3466-468B-86E8-C526DED728E5}.Debug|x64.Build.0 = Debug|x64
		{FEAA6061-3466-468B-86E8-C526DED728E5}.Debug|x86.ActiveCfg = Debug|Win32
		{FEAA6061-3466-468B-86E8-C526DED728E5}.Debug|x86.Build.0 = Debug|Win32
		{FEAA6061-3466-468B-86E8-C526DED728E5}.Release|x64.ActiveCfg = Release|x64
		{FEAA6061-3466-468B-86E8-C526DED728E5}.Release|x64.Build.0 = Release|x64
		{FEAA6061-3466-468B-86E8-C526DED728E5}.Release|x86.ActiveCfg = Release|Win32
		{FEAA6061-3466-468B-86E8-C526DED728E5}.Release|x86.Build.0 = Release|Win32
	EndGlobalSection
	GlobalSection(SolutionProperties) = preSolution
		HideSolutionNode = FALSE
	EndGlobalSection
	GlobalSection(ExtensibilityGlobals) = postSolution
		SolutionGuid = {E72BF0B8-A24D-4A3C-AFB6-D9B2C1CA109A}
	EndGlobalSection
EndGlobal
